
Microsoft Visual Studio Solution File, Format Version 12.00
# Visual Studio 15
VisualStudioVersion = 15.0.28307.168
MinimumVisualStudioVersion = 10.0.40219.1
Project("{9A19103F-16F7-4668-BE54-9A1E7A4F7556}") = "CachingSystem", "CachingSystem\CachingSystem.csproj", "{E6458090-5A58-45FD-B505-CE17E57CCA6A}"
EndProject
Project("{FAE04EC0-301F-11D3-BF4B-00C04F79EFBC}") = "CachingSystem.Tests", "CachingSystem.Tests\CachingSystem.Tests.csproj", "{B1E6E335-AA7D-493E-B7BD-EED2920CB75A}"
EndProject
Global
	GlobalSection(SolutionConfigurationPlatforms) = preSolution
		Debug|Any CPU = Debug|Any CPU
		Release|Any CPU = Release|Any CPU
	EndGlobalSection
	GlobalSection(ProjectConfigurationPlatforms) = postSolution
		{E6458090-5A58-45FD-B505-CE17E57CCA6A}.Debug|Any CPU.ActiveCfg = Debug|Any CPU
		{E6458090-5A58-45FD-B505-CE17E57CCA6A}.Debug|Any CPU.Build.0 = Debug|Any CPU
		{E6458090-5A58-45FD-B505-CE17E57CCA6A}.Release|Any CPU.ActiveCfg = Release|Any CPU
		{E6458090-5A58-45FD-B505-CE17E57CCA6A}.Release|Any CPU.Build.0 = Release|Any CPU
		{B1E6E335-AA7D-493E-B7BD-EED2920CB75A}.Debug|Any CPU.ActiveCfg = Debug|Any CPU
		{B1E6E335-AA7D-493E-B7BD-EED2920CB75A}.Debug|Any CPU.Build.0 = Debug|Any CPU
		{B1E6E335-AA7D-493E-B7BD-EED2920CB75A}.Release|Any CPU.ActiveCfg = Release|Any CPU
		{B1E6E335-AA7D-493E-B7BD-EED2920CB75A}.Release|Any CPU.Build.0 = Release|Any CPU
	EndGlobalSection
	GlobalSection(SolutionProperties) = preSolution
		HideSolutionNode = FALSE
	EndGlobalSection
	GlobalSection(ExtensibilityGlobals) = postSolution
		SolutionGuid = {ACECD466-246C-4B62-9FE7-8415825463AA}
	EndGlobalSection
EndGlobal
